<?xml version="1.0" encoding="utf-8"?>
<Project ToolsVersion="4.0" xmlns="http://schemas.microsoft.com/developer/msbuild/2003">
  <ItemGroup>
    <Filter Include="Source Files">
      <UniqueIdentifier>{9A7BD469-712B-41F9-A3A0-99D7F6E51B0B}</UniqueIdentifier>
      <Extensions>cpp;c;cc;cxx;def;odl;idl;hpj;bat;asm;asmx</Extensions>
    </Filter>
    <Filter Include="Dependencies">
      <UniqueIdentifier>{0F3B5995-0736-4B3E-9089-6871911E63B4}</UniqueIdentifier>
    </Filter>
  </ItemGroup>
  <ItemGroup>
    <ClCompile Include="..\..\..\UnitTestFiles\SourceFiles\EcoLab2.c"><Filter>Source Files</Filter></ClCompile>
    <ClCompile Include="..\..\..\..\Eco.Lab1_20250409\Eco.Lab1\SourceFiles\CEcoLab1.c"><Filter>Dependencies</Filter></ClCompile>
    <ClCompile Include="..\..\..\..\Eco.Lab1_20250409\Eco.Lab1\SourceFiles\CEcoLab1Factory.c"><Filter>Dependencies</Filter></ClCompile>
    <ClCompile Include="..\..\..\Dependencies\Eco.CalculatorA\SourceFiles\CEcoCalculatorA.c"><Filter>Dependencies</Filter></ClCompile>
    <ClCompile Include="..\..\..\Dependencies\Eco.CalculatorA\SourceFiles\CEcoCalculatorAFactory.c"><Filter>Dependencies</Filter></ClCompile>
    <ClCompile Include="..\..\..\Dependencies\Eco.CalculatorE\SourceFiles\CEcoCalculatorE.c"><Filter>Dependencies</Filter></ClCompile>
    <ClCompile Include="..\..\..\Dependencies\Eco.CalculatorE\SourceFiles\CEcoCalculatorEFactory.c"><Filter>Dependencies</Filter></ClCompile>
  </ItemGroup>
</Project>
